version = 1
revision = 3
requires-python = ">=3.10"

[manifest]
requirements = [{ name = "neo4j", specifier = ">=5.28,<6" }]

[[package]]
name = "neo4j"
version = "5.28.4"
source = { registry = "https://pypi.org/simple" }
dependencies = [
    { name = "pytz" },
]
sdist = { url = "https://files.pythonhosted.org/packages/62/aa/83baca8f9e5e5ba1a00722067a4bf3c088c5c02019a7b485e94c8cf05d39/neo4j-5.28.4.tar.gz", hash = "sha256:4a2d8d6eb8c2da0bc87a30e96e2c179fbc0045665626482901ca3dcc9c2b1811", size = 232608, upload-time = "2026-05-04T08:00:55.426Z" }
wheels = [
    { url = "https://files.pythonhosted.org/packages/d9/fd/d46f29f4089a00a7d4894f5e1739288c2a42622b72ea7161a226b73ff4fa/neo4j-5.28.4-py3-none-any.whl", hash = "sha256:ba87c423fd2a1fbe6a116c47ac96cfbe7d8c419d24d2f5611e5674283dddf7b9", size = 313927, upload-time = "2026-05-04T08:00:52.005Z" },
]

[[package]]
name = "pytz"
version = "2026.3.post1"
source = { registry = "https://pypi.org/simple" }
sdist = { url = "https://files.pythonhosted.org/packages/fb/48/fb042503b6ca6cd271261dc559fd6432f7d8c713153e9ec5c591af4dfc1c/pytz-2026.3.post1.tar.gz", hash = "sha256:2211d3fcf9a797d3405cac96ac7f61d80e6a644f72a3309607282fe8a2010c5d", size = 319745, upload-time = "2026-07-25T15:12:07.385Z" }
wheels = [
    { url = "https://files.pythonhosted.org/packages/0f/7b/39c34ca613b0b198cb866466651b26b045e2009864c5183c979a3b83f383/pytz-2026.3.post1-py2.py3-none-any.whl", hash = "sha256:dd95840dd199baea12d9cc096a1d452caa6596a1c1e4b5f3dbd1541855d5e815", size = 508283, upload-time = "2026-07-25T15:12:05.782Z" },
]
